# This file is autogenerated, do not edit; changes may be undone by the next 'dep ensure'.


[[projects]]
  digest = "1:76dc72490af7174349349838f2fe118996381b31ea83243812a97e5a0fd5ed55"
  name = "github.com/dgrijalva/jwt-go"
  packages = ["."]
  pruneopts = "UT"
  revision = "06ea1031745cb8b3dab3f6a236daf2b0aa468b7e"
  version = "v3.2.0"

[[projects]]
  branch = "master"
  digest = "1:5d089907ac41e71ea67227b5d6f1809335e2cb2656ea563a0e8562ec22ae9ae9"
  name = "github.com/gocql/gocql"
  packages = [
    ".",
    "internal/lru",
    "internal/murmur",
    "internal/streams",
  ]
  pruneopts = "UT"
  revision = "e163eff7a8c6863df050dae7d3daa4bf98474d8e"

[[projects]]
  digest = "1:b532ee3f683c057e797694b5bfeb3827d89e6adf41c53dbc80e549bca76364ea"
  name = "github.com/golang/protobuf"
  packages = [
    "jsonpb",
    "proto",
    "protoc-gen-go/descriptor",
    "protoc-gen-go/generator",
    "protoc-gen-go/generator/internal/remap",
    "protoc-gen-go/plugin",
    "ptypes",
    "ptypes/any",
    "ptypes/duration",
    "ptypes/struct",
    "ptypes/timestamp",
    "ptypes/wrappers",
  ]
  pruneopts = "UT"
  revision = "6c65a5562fc06764971b7c5d05c76c75e84bdbf7"
  version = "v1.3.2"

[[projects]]
  digest = "1:e4f5819333ac698d294fe04dbf640f84719658d5c7ce195b10060cc37292ce79"
  name = "github.com/golang/snappy"
  packages = ["."]
  pruneopts = "UT"
  revision = "2a8bb927dd31d8daada140a5d09578521ce5c36a"
  version = "v0.0.1"

[[projects]]
  digest = "1:582b704bebaa06b48c29b0cec224a6058a09c86883aaddabde889cd1a5f73e1b"
  name = "github.com/google/uuid"
  packages = ["."]
  pruneopts = "UT"
  revision = "0cd6bf5da1e1c83f8b45653022c74f71af0538a4"
  version = "v1.1.1"

[[projects]]
  digest = "1:99a9eab89cf8193a246811614678f34432e95446c34142594c450acb1a7a31cc"
  name = "github.com/grpc-ecosystem/grpc-gateway"
  packages = [
    "internal",
    "runtime",
    "utilities",
  ]
  pruneopts = "UT"
  revision = "471f45a5a99a578de7a8638dc7ed29e245bde097"
  version = "v1.11.1"

[[projects]]
  branch = "master"
  digest = "1:364b908b9b27b97ab838f2f6f1b1f46281fa29b978a037d72a9b1d4f6d940190"
  name = "github.com/hailocab/go-hostpool"
  packages = ["."]
  pruneopts = "UT"
  revision = "e80d13ce29ede4452c43dea11e79b9bc8a15b478"

[[projects]]
  digest = "1:c77361e611524ec8f2ad37c408c3c916111a70b6acf806a1200855696bf8fa4d"
  name = "github.com/hashicorp/golang-lru"
  packages = [
    ".",
    "simplelru",
  ]
  pruneopts = "UT"
  revision = "7f827b33c0f158ec5dfbba01bb0b14a4541fd81d"
  version = "v0.5.3"

[[projects]]
  digest = "1:a1038ef593beb4771c8f0f9c26e8b00410acd800af5c6864651d9bf160ea1813"
  name = "github.com/hpcloud/tail"
  packages = [
    ".",
    "ratelimiter",
    "util",
    "watch",
    "winfile",
  ]
  pruneopts = "UT"
  revision = "a30252cb686a21eb2d0b98132633053ec2f7f1e5"
  version = "v1.0.0"

[[projects]]
  digest = "1:870d441fe217b8e689d7949fef6e43efbc787e50f200cb1e70dbca9204a1d6be"
  name = "github.com/inconshreveable/mousetrap"
  packages = ["."]
  pruneopts = "UT"
  revision = "76626ae9c91c4f2a10f34cad8ce83ea42c93bb75"
  version = "v1.0"

[[projects]]
  digest = "1:b4e5da75c2b97eca42007c3be5edf9b0a6d1bc60c791dd57317fd37f293cf26d"
  name = "github.com/nalej/derrors"
  packages = ["."]
  pruneopts = "UT"
  revision = "7a6df7f0bb1c7cddfec82c91119f193f6fcbc9d5"
  version = "v2.0.0"

[[projects]]
  digest = "1:edfcecb82ce3a0c34e90c63b1191390436e17bd1968cbcb687a8ffa848ec1363"
  name = "github.com/nalej/grpc-account-go"
  packages = ["."]
  pruneopts = "UT"
  revision = "5f5186186c7c5914f26a657b24de07a5ca69af5b"
  version = "v0.0.2"

[[projects]]
  digest = "1:2f5fb8092152e4262063874520f85b110b334280135d1a73d09c3af05ca6623d"
  name = "github.com/nalej/grpc-application-go"
  packages = ["."]
  pruneopts = "UT"
  revision = "ffa17dee9fb51f8fdb71d345c12c05be6ce097cb"
  version = "v0.0.83"

[[projects]]
  digest = "1:7ae31e463969d03a02043358155aafa7ccd9b49bd980da7ae06feffc34236ee3"
  name = "github.com/nalej/grpc-authx-go"
  packages = ["."]
  pruneopts = "UT"
  revision = "1eda9772318a852d1de2139e075962e95fc8ef76"
  version = "v0.0.53"

[[projects]]
  digest = "1:06a71d87ea65c3b2444066a9cb2224493ddd2f654564fb124e30cb9d680dbeea"
  name = "github.com/nalej/grpc-cluster-api-go"
  packages = ["."]
  pruneopts = "UT"
  revision = "47baffca04a4a57e84fe7a3a9dc6a1af408b1e4a"
  version = "v0.0.21"

[[projects]]
  digest = "1:41496e67504a2c5de20d1b003df34424ea413ad31993ad099a55b9cc8a9c8896"
  name = "github.com/nalej/grpc-common-go"
  packages = ["."]
  pruneopts = "UT"
  revision = "e1513decc4192934536180d456748a4c3dec0245"
  version = "v0.0.30"

[[projects]]
  digest = "1:2632c3325edc2a66a4e884317f82d1c7bb822f719a91c0b2a3e5d0051573f856"
  name = "github.com/nalej/grpc-conductor-go"
  packages = ["."]
  pruneopts = "UT"
  revision = "8111f6b0ae4f36578c1866332493f54c3de86cbe"
  version = "v0.0.91"

[[projects]]
  digest = "1:6ebc692e74a5c4d4db327053b2110174a2739cc50344c6186768beae1a9c1b6b"
  name = "github.com/nalej/grpc-device-controller-go"
  packages = ["."]
  pruneopts = "UT"
  revision = "a17911a9960d5b17ac0b40f4613a07258b831e69"
  version = "v0.0.8"

[[projects]]
  digest = "1:c8534ea0b8e2b5a05cd2cdadd1e94c50dbb10f89503d277ade7b3a6c22b9a67e"
  name = "github.com/nalej/grpc-device-go"
  packages = ["."]
  pruneopts = "UT"
  revision = "4d8993a2e3a050aff85f5f34e0508f84a6ccb270"
  version = "v0.0.38"

[[projects]]
  digest = "1:875c581a2dcbf760f54fb29a61a97b912651ec228789da26567d2c20ed19b084"
  name = "github.com/nalej/grpc-infrastructure-go"
  packages = ["."]
  pruneopts = "UT"
  revision = "11415f1a09bd871ad95d2362d482562ae11014f2"
  version = "v0.0.38"

[[projects]]
  digest = "1:48c9a187196d6ae6cd97af249f2e262c6cb4a4d86523597705da062d83805006"
  name = "github.com/nalej/grpc-inventory-go"
  packages = ["."]
  pruneopts = "UT"
  revision = "e7ef121a4c1e38908a63afb1edde57fb24f15875"
  version = "v0.0.30"

[[projects]]
  digest = "1:489104761d3e4223862b5a7927ec7079f1d7b0bc0e04281ecb8b1eb21da9f156"
  name = "github.com/nalej/grpc-login-api-go"
  packages = ["."]
  pruneopts = "UT"
  revision = "8effe762852336522ff88c99111ea358e1068098"
  version = "v0.0.22"

[[projects]]
  digest = "1:2ec57450cbe0faf7ea00fc75ef1096b2b80103341e7eecdc19f4db974c6d65b2"
  name = "github.com/nalej/grpc-network-go"
  packages = ["."]
  pruneopts = "UT"
  revision = "41e32d47652ad671340be2a115d36ec4364070e4"
  version = "v0.0.42"

[[projects]]
  digest = "1:4667aecf5b8630dc3bae684abf3c99d44d6ecd4ae86ea651bdaf06b8f10ef6bd"
  name = "github.com/nalej/grpc-organization-go"
  packages = ["."]
  pruneopts = "UT"
  revision = "7d52d468280a36e3c7dff9633303edd50c416b0a"
  version = "v0.0.29"

[[projects]]
  digest = "1:7b5a8da09a03dfc35fe8ec6913f65bf4888236de1f58e53f6c026d23c801b900"
  name = "github.com/nalej/grpc-ping-go"
  packages = ["."]
  pruneopts = "UT"
  revision = "ac2cd0ccd9bbf2c47fd2c432bb74467978b514fd"
  version = "v0.0.33"

[[projects]]
  digest = "1:3ba57285084b17d034119f41480fe7bc4db2bef51a05aa9f1827890293230391"
  name = "github.com/nalej/grpc-project-go"
  packages = ["."]
  pruneopts = "UT"
  revision = "37e82bc6c0190263e4856f6464b0cf06c9962dd5"
  version = "v0.0.2"

[[projects]]
  digest = "1:0ab6573732a9025fd58fb2cbb6ec39b9b43e3452d86cefcc52d757112f674a11"
  name = "github.com/nalej/grpc-user-go"
  packages = ["."]
  pruneopts = "UT"
  revision = "d8b3cc80788f39fadec3ca44c3fc1dff61a1971f"
  version = "v0.0.32"

[[projects]]
  digest = "1:bf28e4cd60be75438d6afaee7f1ef95fce32fd4a23ad83c1933e31a39b41d641"
  name = "github.com/nalej/grpc-utils"
  packages = [
    "pkg/conversions",
    "pkg/test",
  ]
  pruneopts = "UT"
  revision = "926e5152669ee71c0e6904055ebe6cfb5492b599"
  version = "v1.4.0"

[[projects]]
  digest = "1:aed50c53dce3e0ee52c84e5515b8b85404af5b7efc6a9199ab0035b8c25efcb8"
  name = "github.com/onsi/ginkgo"
  packages = [
    ".",
    "config",
    "internal/codelocation",
    "internal/containernode",
    "internal/failer",
    "internal/leafnodes",
    "internal/remote",
    "internal/spec",
    "internal/spec_iterator",
    "internal/specrunner",
    "internal/suite",
    "internal/testingtproxy",
    "internal/writer",
    "reporters",
    "reporters/stenographer",
    "reporters/stenographer/support/go-colorable",
    "reporters/stenographer/support/go-isatty",
    "types",
  ]
  pruneopts = "UT"
  revision = "974566c482abc93ffd3df6f4626e79076c7ed290"
  version = "v1.10.1"

[[projects]]
  digest = "1:5a9c247f0da47393b38eb20b53077be9e25452d8b2de1fdfec857233a18c503c"
  name = "github.com/onsi/gomega"
  packages = [
    ".",
    "format",
    "internal/assertion",
    "internal/asyncassertion",
    "internal/oraclematcher",
    "internal/testingtsupport",
    "matchers",
    "matchers/support/goraph/bipartitegraph",
    "matchers/support/goraph/edge",
    "matchers/support/goraph/node",
    "matchers/support/goraph/util",
    "types",
  ]
  pruneopts = "UT"
  revision = "bdebf9e0ece900259084cfa4121b97ce1a540939"
  version = "v1.7.0"

[[projects]]
  digest = "1:6cf4e9f5ea82d48699eed7a836781037621227fb8551d7571b82aabde422fec1"
  name = "github.com/rs/zerolog"
  packages = [
    ".",
    "internal/cbor",
    "internal/json",
    "log",
  ]
  pruneopts = "UT"
  revision = "b806a5ecbe5347ad9ef05121fea8f4acc65fa5fc"
  version = "v1.15.0"

[[projects]]
  digest = "1:a379b544b66cf701831723bd4cdd61bdf44f96e697a28739edf404ef87a954ed"
  name = "github.com/scylladb/go-reflectx"
  packages = ["."]
  pruneopts = "UT"
  revision = "0fbd3dd109a43e75e5d5e62c184345d5502306e6"
  version = "v1.0.1"

[[projects]]
  digest = "1:0637fe77aa80b179f33639ba827563369158dae6681d8e7960a0b45d9daf659f"
  name = "github.com/scylladb/gocqlx"
  packages = [
    ".",
    "qb",
  ]
  pruneopts = "UT"
  revision = "8b6f083cdc7cd91a46a27752c5a5cd2a7a6e1a30"
  version = "v1.3.1"

[[projects]]
  digest = "1:e096613fb7cf34743d49af87d197663cfccd61876e2219853005a57baedfa562"
  name = "github.com/spf13/cobra"
  packages = ["."]
  pruneopts = "UT"
  revision = "f2b07da1e2c38d5f12845a4f607e2e1018cbb1f5"
  version = "v0.0.5"

[[projects]]
  digest = "1:c1b1102241e7f645bc8e0c22ae352e8f0dc6484b6cb4d132fa9f24174e0119e2"
  name = "github.com/spf13/pflag"
  packages = ["."]
  pruneopts = "UT"
  revision = "298182f68c66c05229eb03ac171abe6e309ee79a"
  version = "v1.0.3"

[[projects]]
  branch = "master"
  digest = "1:9d5b5d543996dd584da1db1e0de1926f3e4c3a8dba0fa2f8db70f3ebee2342e0"
  name = "golang.org/x/crypto"
  packages = [
    "bcrypt",
    "blowfish",
  ]
  pruneopts = "UT"
  revision = "9756ffdc24725223350eb3266ffb92590d28f278"

[[projects]]
  branch = "master"
  digest = "1:b617c55d56bc863224c068c125f45fa7d56b5b7aedd15893c70d7a01c9be9657"
  name = "golang.org/x/net"
  packages = [
    "context",
    "html",
    "html/atom",
    "html/charset",
    "http/httpguts",
    "http2",
    "http2/hpack",
    "idna",
    "internal/timeseries",
    "trace",
  ]
  pruneopts = "UT"
  revision = "ba9fcec4b297b415637633c5a6e8fa592e4a16c3"

[[projects]]
  branch = "master"
  digest = "1:767025ef5997eeba9a3b7fba288b8b9e71b44f0e3a2ec6dcd01f144d3dc8f173"
  name = "golang.org/x/sys"
  packages = ["unix"]
  pruneopts = "UT"
  revision = "749cb33beabd9aa6d3178e3de05bcc914f70b2bf"

[[projects]]
  digest = "1:28deae5fe892797ff37a317b5bcda96d11d1c90dadd89f1337651df3bc4c586e"
  name = "golang.org/x/text"
  packages = [
    "collate",
    "collate/build",
    "encoding",
    "encoding/charmap",
    "encoding/htmlindex",
    "encoding/internal",
    "encoding/internal/identifier",
    "encoding/japanese",
    "encoding/korean",
    "encoding/simplifiedchinese",
    "encoding/traditionalchinese",
    "encoding/unicode",
    "internal/colltab",
    "internal/gen",
    "internal/language",
    "internal/language/compact",
    "internal/tag",
    "internal/triegen",
    "internal/ucd",
    "internal/utf8internal",
    "language",
    "runes",
    "secure/bidirule",
    "transform",
    "unicode/bidi",
    "unicode/cldr",
    "unicode/norm",
    "unicode/rangetable",
  ]
  pruneopts = "UT"
  revision = "342b2e1fbaa52c93f31447ad2c6abc048c63e475"
  version = "v0.3.2"

[[projects]]
  branch = "master"
  digest = "1:08aa0c3a326b71c5afe441683697766f6b172f652b919ecd114881a7f7581a4d"
  name = "google.golang.org/genproto"
  packages = [
    "googleapis/api/annotations",
    "googleapis/api/httpbody",
    "googleapis/rpc/errdetails",
    "googleapis/rpc/status",
    "protobuf/field_mask",
  ]
  pruneopts = "UT"
  revision = "92dd089d5514cecde7a465f807541f83dfd486d5"

[[projects]]
  digest = "1:ba1aa0bf41122b38e27e6db55f9d815fb72bde0ef05b07c7979af81da338b485"
  name = "google.golang.org/grpc"
  packages = [
    ".",
    "balancer",
    "balancer/base",
    "balancer/roundrobin",
    "binarylog/grpc_binarylog_v1",
    "codes",
    "connectivity",
    "credentials",
    "credentials/internal",
    "encoding",
    "encoding/proto",
    "grpclog",
    "internal",
    "internal/backoff",
    "internal/balancerload",
    "internal/binarylog",
    "internal/channelz",
    "internal/envconfig",
    "internal/grpcrand",
    "internal/grpcsync",
    "internal/syscall",
    "internal/transport",
    "keepalive",
    "metadata",
    "naming",
    "peer",
    "reflection",
    "reflection/grpc_reflection_v1alpha",
    "resolver",
    "resolver/dns",
    "resolver/passthrough",
    "serviceconfig",
    "stats",
    "status",
    "tap",
    "test/bufconn",
  ]
  pruneopts = "UT"
  revision = "6eaf6f47437a6b4e2153a190160ef39a92c7eceb"
  version = "v1.23.0"

[[projects]]
  digest = "1:abeb38ade3f32a92943e5be54f55ed6d6e3b6602761d74b4aab4c9dd45c18abd"
  name = "gopkg.in/fsnotify.v1"
  packages = ["."]
  pruneopts = "UT"
  revision = "c2828203cd70a50dcccfb2761f8b1f8ceef9a8e9"
  source = "https://github.com/fsnotify/fsnotify/archive/v1.4.7.tar.gz"
  version = "v1.4.7"

[[projects]]
  digest = "1:2d1fbdc6777e5408cabeb02bf336305e724b925ff4546ded0fa8715a7267922a"
  name = "gopkg.in/inf.v0"
  packages = ["."]
  pruneopts = "UT"
  revision = "d2d2541c53f18d2a059457998ce2876cc8e67cbf"
  version = "v0.9.1"

[[projects]]
  branch = "v1"
  digest = "1:0caa92e17bc0b65a98c63e5bc76a9e844cd5e56493f8fdbb28fad101a16254d9"
  name = "gopkg.in/tomb.v1"
  packages = ["."]
  pruneopts = "UT"
  revision = "dd632973f1e7218eb1089048e0798ec9ae7dceb8"

[[projects]]
  digest = "1:4d2e5a73dc1500038e504a8d78b986630e3626dc027bc030ba5c75da257cdb96"
  name = "gopkg.in/yaml.v2"
  packages = ["."]
  pruneopts = "UT"
  revision = "51d6538a90f86fe93ac480b35f37b2be17fef232"
  version = "v2.2.2"

[solve-meta]
  analyzer-name = "dep"
  analyzer-version = 1
  input-imports = [
    "github.com/dgrijalva/jwt-go",
    "github.com/gocql/gocql",
    "github.com/google/uuid",
    "github.com/hashicorp/golang-lru",
    "github.com/nalej/derrors",
    "github.com/nalej/grpc-authx-go",
    "github.com/nalej/grpc-cluster-api-go",
    "github.com/nalej/grpc-common-go",
    "github.com/nalej/grpc-device-go",
    "github.com/nalej/grpc-login-api-go",
    "github.com/nalej/grpc-organization-go",
    "github.com/nalej/grpc-ping-go",
    "github.com/nalej/grpc-user-go",
    "github.com/nalej/grpc-utils/pkg/conversions",
    "github.com/nalej/grpc-utils/pkg/test",
    "github.com/onsi/ginkgo",
    "github.com/onsi/gomega",
    "github.com/rs/zerolog",
    "github.com/rs/zerolog/log",
    "github.com/scylladb/gocqlx",
    "github.com/scylladb/gocqlx/qb",
    "github.com/spf13/cobra",
    "golang.org/x/crypto/bcrypt",
    "google.golang.org/grpc",
    "google.golang.org/grpc/codes",
    "google.golang.org/grpc/credentials",
    "google.golang.org/grpc/metadata",
    "google.golang.org/grpc/reflection",
    "google.golang.org/grpc/status",
    "google.golang.org/grpc/test/bufconn",
  ]
  solver-name = "gps-cdcl"
  solver-version = 1
